
Microsoft Visual Studio Solution File, Format Version 12.00
Project("{FAE04EC0-301F-11D3-BF4B-00C04F79EFBC}") = "RFVanillaUIManager", "RFVanillaUIManager.csproj", "{8909A718-1EF5-41EC-9026-E9BEF7FEFF7F}"
EndProject
Global
	GlobalSection(SolutionConfigurationPlatforms) = preSolution
		Debug|Any CPU = Debug|Any CPU
		Release|Any CPU = Release|Any CPU
	EndGlobalSection
	GlobalSection(ProjectConfigurationPlatforms) = postSolution
		{8909A718-1EF5-41EC-9026-E9BEF7FEFF7F}.Debug|Any CPU.ActiveCfg = Debug|Any CPU
		{8909A718-1EF5-41EC-9026-E9BEF7FEFF7F}.Debug|Any CPU.Build.0 = Debug|Any CPU
		{8909A718-1EF5-41EC-9026-E9BEF7FEFF7F}.Release|Any CPU.ActiveCfg = Release|Any CPU
		{8909A718-1EF5-41EC-9026-E9BEF7FEFF7F}.Release|Any CPU.Build.0 = Release|Any CPU
	EndGlobalSection
EndGlobal
